
Microsoft Visual Studio Solution File, Format Version 12.00
# Visual Studio Version 16
VisualStudioVersion = 16.0.29806.167
MinimumVisualStudioVersion = 10.0.40219.1
Project("{FAE04EC0-301F-11D3-BF4B-00C04F79EFBC}") = "Assignment2.1.Database", "Assignment2.1.Database\Assignment2.1.Database.csproj", "{BB7DE50A-879F-40A5-9822-8051910446BC}"
EndProject
Project("{FAE04EC0-301F-11D3-BF4B-00C04F79EFBC}") = "Assignment2.1.Entities", "Assignment2.1.Entities\Assignment2.1.Entities.csproj", "{B3F70218-3B5D-45BE-A695-EBACF43164F6}"
EndProject
Project("{FAE04EC0-301F-11D3-BF4B-00C04F79EFBC}") = "Assignment2.1.Services", "Assignment2.1.Services\Assignment2.1.Services.csproj", "{D87E5F1D-8F83-461A-97C1-200AFD3DF456}"
EndProject
Project("{FAE04EC0-301F-11D3-BF4B-00C04F79EFBC}") = "Assignment2.1.Desktop", "Assignment2.1.Desktop\Assignment2.1.Desktop.csproj", "{F51C7507-6C63-4FA4-BA7A-C7B4053BCA55}"
EndProject
Project("{FAE04EC0-301F-11D3-BF4B-00C04F79EFBC}") = "Assignment2.1.Web", "Assignment2.1.Web\Assignment2.1.Web.csproj", "{B9862ECA-6C8A-42E2-A5C1-E09035704419}"
EndProject
Global
	GlobalSection(SolutionConfigurationPlatforms) = preSolution
		Debug|Any CPU = Debug|Any CPU
		Release|Any CPU = Release|Any CPU
	EndGlobalSection
	GlobalSection(ProjectConfigurationPlatforms) = postSolution
		{BB7DE50A-879F-40A5-9822-8051910446BC}.Debug|Any CPU.ActiveCfg = Debug|Any CPU
		{BB7DE50A-879F-40A5-9822-8051910446BC}.Debug|Any CPU.Build.0 = Debug|Any CPU
		{BB7DE50A-879F-40A5-9822-8051910446BC}.Release|Any CPU.ActiveCfg = Release|Any CPU
		{BB7DE50A-879F-40A5-9822-8051910446BC}.Release|Any CPU.Build.0 = Release|Any CPU
		{B3F70218-3B5D-45BE-A695-EBACF43164F6}.Debug|Any CPU.ActiveCfg = Debug|Any CPU
		{B3F70218-3B5D-45BE-A695-EBACF43164F6}.Debug|Any CPU.Build.0 = Debug|Any CPU
		{B3F70218-3B5D-45BE-A695-EBACF43164F6}.Release|Any CPU.ActiveCfg = Release|Any CPU
		{B3F70218-3B5D-45BE-A695-EBACF43164F6}.Release|Any CPU.Build.0 = Release|Any CPU
		{D87E5F1D-8F83-461A-97C1-200AFD3DF456}.Debug|Any CPU.ActiveCfg = Debug|Any CPU
		{D87E5F1D-8F83-461A-97C1-200AFD3DF456}.Debug|Any CPU.Build.0 = Debug|Any CPU
		{D87E5F1D-8F83-461A-97C1-200AFD3DF456}.Release|Any CPU.ActiveCfg = Release|Any CPU
		{D87E5F1D-8F83-461A-97C1-200AFD3DF456}.Release|Any CPU.Build.0 = Release|Any CPU
		{F51C7507-6C63-4FA4-BA7A-C7B4053BCA55}.Debug|Any CPU.ActiveCfg = Debug|Any CPU
		{F51C7507-6C63-4FA4-BA7A-C7B4053BCA55}.Debug|Any CPU.Build.0 = Debug|Any CPU
		{F51C7507-6C63-4FA4-BA7A-C7B4053BCA55}.Release|Any CPU.ActiveCfg = Release|Any CPU
		{F51C7507-6C63-4FA4-BA7A-C7B4053BCA55}.Release|Any CPU.Build.0 = Release|Any CPU
		{B9862ECA-6C8A-42E2-A5C1-E09035704419}.Debug|Any CPU.ActiveCfg = Debug|Any CPU
		{B9862ECA-6C8A-42E2-A5C1-E09035704419}.Debug|Any CPU.Build.0 = Debug|Any CPU
		{B9862ECA-6C8A-42E2-A5C1-E09035704419}.Release|Any CPU.ActiveCfg = Release|Any CPU
		{B9862ECA-6C8A-42E2-A5C1-E09035704419}.Release|Any CPU.Build.0 = Release|Any CPU
	EndGlobalSection
	GlobalSection(SolutionProperties) = preSolution
		HideSolutionNode = FALSE
	EndGlobalSection
	GlobalSection(ExtensibilityGlobals) = postSolution
		SolutionGuid = {9A03EDD9-1F02-4447-AAA6-8BAD6B99A031}
	EndGlobalSection
EndGlobal
